# This file is autogenerated, do not edit; changes may be undone by the next 'dep ensure'.


[[projects]]
  name = "github.com/BurntSushi/toml"
  packages = ["."]
  revision = "b26d9c308763d68093482582cea63d69be07a0f0"
  version = "v0.3.0"

[[projects]]
  branch = "master"
  name = "github.com/iancoleman/strcase"
  packages = ["."]
  revision = "3de563c3dc08a7504131e9d63f678b7d1c3e85d7"

[[projects]]
  branch = "master"
  name = "github.com/k0kubun/pp"
  packages = ["."]
  revision = "e057ee7a28277be4d2af303443b6da377768181f"

[[projects]]
  branch = "master"
  name = "github.com/mattn/go-colorable"
  packages = ["."]
  revision = "6cc8b475d4682021d75d2cbe2bc481bec4ce98e5"

[[projects]]
  name = "github.com/mattn/go-isatty"
  packages = ["."]
  revision = "fc9e8d8ef48496124e79ae0df75490096eccf6fe"
  version = "v0.0.2"

[[projects]]
  branch = "master"
  name = "github.com/mattn/go-runewidth"
  packages = ["."]
  revision = "97311d9f7767e3d6f422ea06661bc2c7a19e8a5d"

[[projects]]
  branch = "master"
  name = "github.com/mattn/go-tty"
  packages = ["."]
  revision = "3d41f42f6006f9962ca920c318f5db179fd0884c"

[[projects]]
  branch = "master"
  name = "github.com/ysugimoto/cho"
  packages = ["."]
  revision = "632f8dafec3b37756dc65a828d5bdf2d88523870"

[[projects]]
  branch = "master"
  name = "github.com/ysugimoto/go-args"
  packages = ["."]
  revision = "95e6aae54c31c3d7a5ce7996f871a6776320e40d"

[[projects]]
  name = "golang.org/x/sys"
  packages = ["unix"]
  revision = "3dbebcf8efb6a5011a60c2b4591c1022a759af8a"

[solve-meta]
  analyzer-name = "dep"
  analyzer-version = 1
  inputs-digest = "a1452533fa72e4b4879f68dc328151ed1faab773d20f9d0fffb9caac99a76ab0"
  solver-name = "gps-cdcl"
  solver-version = 1
